// !$*UTF8*$!
{
	archiveVersion = 1;
	classes = {
	};
	objectVersion = 56;
	objects = {

/* Begin PBXBuildFile section */
		B7B4D8E72BBB148F004110A3 /* StatsVaultApp.swift in Sources */ = {isa = PBXBuildFile; fileRef = B7B4D8E62BBB148F004110A3 /* StatsVaultApp.swift */; };
		B7B4D8E92BBB148F004110A3 /* ContentView.swift in Sources */ = {isa = PBXBuildFile; fileRef = B7B4D8E82BBB148F004110A3 /* ContentView.swift */; };
		B7B4D8EB2BBB1490004110A3 /* Assets.xcassets in Resources */ = {isa = PBXBuildFile; fileRef = B7B4D8EA2BBB1490004110A3 /* Assets.xcassets */; };
		B7B4D8EE2BBB1490004110A3 /* Preview Assets.xcassets in Resources */ = {isa = PBXBuildFile; fileRef = B7B4D8ED2BBB1490004110A3 /* Preview Assets.xcassets */; };
		B7B4D8F82BBB1490004110A3 /* StatsVaultTests.swift in Sources */ = {isa = PBXBuildFile; fileRef = B7B4D8F72BBB1490004110A3 /* StatsVaultTests.swift */; };
		B7B4D9022BBB1490004110A3 /* StatsVaultUITests.swift in Sources */ = {isa = PBXBuildFile; fileRef = B7B4D9012BBB1490004110A3 /* StatsVaultUITests.swift */; };
		B7B4D9042BBB1490004110A3 /* StatsVaultUITestsLaunchTests.swift in Sources */ = {isa = PBXBuildFile; fileRef = B7B4D9032BBB1490004110A3 /* StatsVaultUITestsLaunchTests.swift */; };
		B7B4D9112BBB1F38004110A3 /* Game.swift in Sources */ = {isa = PBXBuildFile; fileRef = B7B4D9102BBB1F38004110A3 /* Game.swift */; };
		B7B4D9132BBBD8A6004110A3 /* GameListCell.swift in Sources */ = {isa = PBXBuildFile; fileRef = B7B4D9122BBBD8A6004110A3 /* GameListCell.swift */; };
		B7B4D9152BBBE7A6004110A3 /* Image+Data.swift in Sources */ = {isa = PBXBuildFile; fileRef = B7B4D9142BBBE7A6004110A3 /* Image+Data.swift */; };
/* End PBXBuildFile section */

/* Begin PBXContainerItemProxy section */
		B7B4D8F42BBB1490004110A3 /* PBXContainerItemProxy */ = {
			isa = PBXContainerItemProxy;
			containerPortal = B7B4D8DB2BBB148F004110A3 /* Project object */;
			proxyType = 1;
			remoteGlobalIDString = B7B4D8E22BBB148F004110A3;
			remoteInfo = StatsVault;
		};
		B7B4D8FE2BBB1490004110A3 /* PBXContainerItemProxy */ = {
			isa = PBXContainerItemProxy;
			containerPortal = B7B4D8DB2BBB148F004110A3 /* Project object */;
			proxyType = 1;
			remoteGlobalIDString = B7B4D8E22BBB148F004110A3;
			remoteInfo = StatsVault;
		};
/* End PBXContainerItemProxy section */

/* Begin PBXFileReference section */
		B7B4D8E32BBB148F004110A3 /* StatsVault.app */ = {isa = PBXFileReference; explicitFileType = wrapper.application; includeInIndex = 0; path = StatsVault.app; sourceTree = BUILT_PRODUCTS_DIR; };
		B7B4D8E62BBB148F004110A3 /* StatsVaultApp.swift */ = {isa = PBXFileReference; lastKnownFileType = sourcecode.swift; path = StatsVaultApp.swift; sourceTree = "<group>"; };
		B7B4D8E82BBB148F004110A3 /* ContentView.swift */ = {isa = PBXFileReference; lastKnownFileType = sourcecode.swift; path = ContentView.swift; sourceTree = "<group>"; };
		B7B4D8EA2BBB1490004110A3 /* Assets.xcassets */ = {isa = PBXFileReference; lastKnownFileType = folder.assetcatalog; path = Assets.xcassets; sourceTree = "<group>"; };
		B7B4D8ED2BBB1490004110A3 /* Preview Assets.xcassets */ = {isa = PBXFileReference; lastKnownFileType = folder.assetcatalog; path = "Preview Assets.xcassets"; sourceTree = "<group>"; };
		B7B4D8F32BBB1490004110A3 /* StatsVaultTests.xctest */ = {isa = PBXFileReference; explicitFileType = wrapper.cfbundle; includeInIndex = 0; path = StatsVaultTests.xctest; sourceTree = BUILT_PRODUCTS_DIR; };
		B7B4D8F72BBB1490004110A3 /* StatsVaultTests.swift */ = {isa = PBXFileReference; lastKnownFileType = sourcecode.swift; path = StatsVaultTests.swift; sourceTree = "<group>"; };
		B7B4D8FD2BBB1490004110A3 /* StatsVaultUITests.xctest */ = {isa = PBXFileReference; explicitFileType = wrapper.cfbundle; includeInIndex = 0; path = StatsVaultUITests.xctest; sourceTree = BUILT_PRODUCTS_DIR; };
		B7B4D9012BBB1490004110A3 /* StatsVaultUITests.swift */ = {isa = PBXFileReference; lastKnownFileType = sourcecode.swift; path = StatsVaultUITests.swift; sourceTree = "<group>"; };
		B7B4D9032BBB1490004110A3 /* StatsVaultUITestsLaunchTests.swift */ = {isa = PBXFileReference; lastKnownFileType = sourcecode.swift; path = StatsVaultUITestsLaunchTests.swift; sourceTree = "<group>"; };
		B7B4D9102BBB1F38004110A3 /* Game.swift */ = {isa = PBXFileReference; lastKnownFileType = sourcecode.swift; path = Game.swift; sourceTree = "<group>"; };
		B7B4D9122BBBD8A6004110A3 /* GameListCell.swift */ = {isa = PBXFileReference; lastKnownFileType = sourcecode.swift; path = GameListCell.swift; sourceTree = "<group>"; };
		B7B4D9142BBBE7A6004110A3 /* Image+Data.swift */ = {isa = PBXFileReference; lastKnownFileType = sourcecode.swift; path = "Image+Data.swift"; sourceTree = "<group>"; };
/* End PBXFileReference section */

/* Begin PBXFrameworksBuildPhase section */
		B7B4D8E02BBB148F004110A3 /* Frameworks */ = {
			isa = PBXFrameworksBuildPhase;
			buildActionMask = 2147483647;
			files = (
			);
			runOnlyForDeploymentPostprocessing = 0;
		};
		B7B4D8F02BBB1490004110A3 /* Frameworks */ = {
			isa = PBXFrameworksBuildPhase;
			buildActionMask = 2147483647;
			files = (
			);
			runOnlyForDeploymentPostprocessing = 0;
		};
		B7B4D8FA2BBB1490004110A3 /* Frameworks */ = {
			isa = PBXFrameworksBuildPhase;
			buildActionMask = 2147483647;
			files = (
			);
			runOnlyForDeploymentPostprocessing = 0;
		};
/* End PBXFrameworksBuildPhase section */

/* Begin PBXGroup section */
		B7B4D8DA2BBB148F004110A3 = {
			isa = PBXGroup;
			children = (
				B7B4D8E52BBB148F004110A3 /* StatsVault */,
				B7B4D8F62BBB1490004110A3 /* StatsVaultTests */,
				B7B4D9002BBB1490004110A3 /* StatsVaultUITests */,
				B7B4D8E42BBB148F004110A3 /* Products */,
			);
			sourceTree = "<group>";
		};
		B7B4D8E42BBB148F004110A3 /* Products */ = {
			isa = PBXGroup;
			children = (
				B7B4D8E32BBB148F004110A3 /* StatsVault.app */,
				B7B4D8F32BBB1490004110A3 /* StatsVaultTests.xctest */,
				B7B4D8FD2BBB1490004110A3 /* StatsVaultUITests.xctest */,
			);
			name = Products;
			sourceTree = "<group>";
		};
		B7B4D8E52BBB148F004110A3 /* StatsVault */ = {
			isa = PBXGroup;
			children = (
				B7B4D9122BBBD8A6004110A3 /* GameListCell.swift */,
				B7B4D9142BBBE7A6004110A3 /* Image+Data.swift */,
				B7B4D8E62BBB148F004110A3 /* StatsVaultApp.swift */,
				B7B4D9102BBB1F38004110A3 /* Game.swift */,
				B7B4D8E82BBB148F004110A3 /* ContentView.swift */,
				B7B4D8EA2BBB1490004110A3 /* Assets.xcassets */,
				B7B4D8EC2BBB1490004110A3 /* Preview Content */,
			);
			path = StatsVault;
			sourceTree = "<group>";
		};
		B7B4D8EC2BBB1490004110A3 /* Preview Content */ = {
			isa = PBXGroup;
			children = (
				B7B4D8ED2BBB1490004110A3 /* Preview Assets.xcassets */,
			);
			path = "Preview Content";
			sourceTree = "<group>";
		};
		B7B4D8F62BBB1490004110A3 /* StatsVaultTests */ = {
			isa = PBXGroup;
			children = (
				B7B4D8F72BBB1490004110A3 /* StatsVaultTests.swift */,
			);
			path = StatsVaultTests;
			sourceTree = "<group>";
		};
		B7B4D9002BBB1490004110A3 /* StatsVaultUITests */ = {
			isa = PBXGroup;
			children = (
				B7B4D9012BBB1490004110A3 /* StatsVaultUITests.swift */,
				B7B4D9032BBB1490004110A3 /* StatsVaultUITestsLaunchTests.swift */,
			);
			path = StatsVaultUITests;
			sourceTree = "<group>";
		};
/* End PBXGroup section */

/* Begin PBXNativeTarget section */
		B7B4D8E22BBB148F004110A3 /* StatsVault */ = {
			isa = PBXNativeTarget;
			buildConfigurationList = B7B4D9072BBB1490004110A3 /* Build configuration list for PBXNativeTarget "StatsVault" */;
			buildPhases = (
				B7B4D8DF2BBB148F004110A3 /* Sources */,
				B7B4D8E02BBB148F004110A3 /* Frameworks */,
				B7B4D8E12BBB148F004110A3 /* Resources */,
			);
			buildRules = (
			);
			dependencies = (
			);
			name = StatsVault;
			productName = StatsVault;
			productReference = B7B4D8E32BBB148F004110A3 /* StatsVault.app */;
			productType = "com.apple.product-type.application";
		};
		B7B4D8F22BBB1490004110A3 /* StatsVaultTests */ = {
			isa = PBXNativeTarget;
			buildConfigurationList = B7B4D90A2BBB1490004110A3 /* Build configuration list for PBXNativeTarget "StatsVaultTests" */;
			buildPhases = (
				B7B4D8EF2BBB1490004110A3 /* Sources */,
				B7B4D8F02BBB1490004110A3 /* Frameworks */,
				B7B4D8F12BBB1490004110A3 /* Resources */,
			);
			buildRules = (
			);
			dependencies = (
				B7B4D8F52BBB1490004110A3 /* PBXTargetDependency */,
			);
			name = StatsVaultTests;
			productName = StatsVaultTests;
			productReference = B7B4D8F32BBB1490004110A3 /* StatsVaultTests.xctest */;
			productType = "com.apple.product-type.bundle.unit-test";
		};
		B7B4D8FC2BBB1490004110A3 /* StatsVaultUITests */ = {
			isa = PBXNativeTarget;
			buildConfigurationList = B7B4D90D2BBB1490004110A3 /* Build configuration list for PBXNativeTarget "StatsVaultUITests" */;
			buildPhases = (
				B7B4D8F92BBB1490004110A3 /* Sources */,
				B7B4D8FA2BBB1490004110A3 /* Frameworks */,
				B7B4D8FB2BBB1490004110A3 /* Resources */,
			);
			buildRules = (
			);
			dependencies = (
				B7B4D8FF2BBB1490004110A3 /* PBXTargetDependency */,
			);
			name = StatsVaultUITests;
			productName = StatsVaultUITests;
			productReference = B7B4D8FD2BBB1490004110A3 /* StatsVaultUITests.xctest */;
			productType = "com.apple.product-type.bundle.ui-testing";
		};
/* End PBXNativeTarget section */

/* Begin PBXProject section */
		B7B4D8DB2BBB148F004110A3 /* Project object */ = {
			isa = PBXProject;
			attributes = {
				BuildIndependentTargetsInParallel = 1;
				LastSwiftUpdateCheck = 1520;
				LastUpgradeCheck = 1520;
				TargetAttributes = {
					B7B4D8E22BBB148F004110A3 = {
						CreatedOnToolsVersion = 15.2;
					};
					B7B4D8F22BBB1490004110A3 = {
						CreatedOnToolsVersion = 15.2;
						TestTargetID = B7B4D8E22BBB148F004110A3;
					};
					B7B4D8FC2BBB1490004110A3 = {
						CreatedOnToolsVersion = 15.2;
						TestTargetID = B7B4D8E22BBB148F004110A3;
					};
				};
			};
			buildConfigurationList = B7B4D8DE2BBB148F004110A3 /* Build configuration list for PBXProject "StatsVault" */;
			compatibilityVersion = "Xcode 14.0";
			developmentRegion = en;
			hasScannedForEncodings = 0;
			knownRegions = (
				en,
				Base,
			);
			mainGroup = B7B4D8DA2BBB148F004110A3;
			productRefGroup = B7B4D8E42BBB148F004110A3 /* Products */;
			projectDirPath = "";
			projectRoot = "";
			targets = (
				B7B4D8E22BBB148F004110A3 /* StatsVault */,
				B7B4D8F22BBB1490004110A3 /* StatsVaultTests */,
				B7B4D8FC2BBB1490004110A3 /* StatsVaultUITests */,
			);
		};
/* End PBXProject section */

/* Begin PBXResourcesBuildPhase section */
		B7B4D8E12BBB148F004110A3 /* Resources */ = {
			isa = PBXResourcesBuildPhase;
			buildActionMask = 2147483647;
			files = (
				B7B4D8EE2BBB1490004110A3 /* Preview Assets.xcassets in Resources */,
				B7B4D8EB2BBB1490004110A3 /* Assets.xcassets in Resources */,
			);
			runOnlyForDeploymentPostprocessing = 0;
		};
		B7B4D8F12BBB1490004110A3 /* Resources */ = {
			isa = PBXResourcesBuildPhase;
			buildActionMask = 2147483647;
			files = (
			);
			runOnlyForDeploymentPostprocessing = 0;
		};
		B7B4D8FB2BBB1490004110A3 /* Resources */ = {
			isa = PBXResourcesBuildPhase;
			buildActionMask = 2147483647;
			files = (
			);
			runOnlyForDeploymentPostprocessing = 0;
		};
/* End PBXResourcesBuildPhase section */

/* Begin PBXSourcesBuildPhase section */
		B7B4D8DF2BBB148F004110A3 /* Sources */ = {
			isa = PBXSourcesBuildPhase;
			buildActionMask = 2147483647;
			files = (
				B7B4D8E92BBB148F004110A3 /* ContentView.swift in Sources */,
				B7B4D9112BBB1F38004110A3 /* Game.swift in Sources */,
				B7B4D9152BBBE7A6004110A3 /* Image+Data.swift in Sources */,
				B7B4D8E72BBB148F004110A3 /* StatsVaultApp.swift in Sources */,
				B7B4D9132BBBD8A6004110A3 /* GameListCell.swift in Sources */,
			);
			runOnlyForDeploymentPostprocessing = 0;
		};
		B7B4D8EF2BBB1490004110A3 /* Sources */ = {
			isa = PBXSourcesBuildPhase;
			buildActionMask = 2147483647;
			files = (
				B7B4D8F82BBB1490004110A3 /* StatsVaultTests.swift in Sources */,
			);
			runOnlyForDeploymentPostprocessing = 0;
		};
		B7B4D8F92BBB1490004110A3 /* Sources */ = {
			isa = PBXSourcesBuildPhase;
			buildActionMask = 2147483647;
			files = (
				B7B4D9022BBB1490004110A3 /* StatsVaultUITests.swift in Sources */,
				B7B4D9042BBB1490004110A3 /* StatsVaultUITestsLaunchTests.swift in Sources */,
			);
			runOnlyForDeploymentPostprocessing = 0;
		};
/* End PBXSourcesBuildPhase section */

/* Begin PBXTargetDependency section */
		B7B4D8F52BBB1490004110A3 /* PBXTargetDependency */ = {
			isa = PBXTargetDependency;
			target = B7B4D8E22BBB148F004110A3 /* StatsVault */;
			targetProxy = B7B4D8F42BBB1490004110A3 /* PBXContainerItemProxy */;
		};
		B7B4D8FF2BBB1490004110A3 /* PBXTargetDependency */ = {
			isa = PBXTargetDependency;
			target = B7B4D8E22BBB148F004110A3 /* StatsVault */;
			targetProxy = B7B4D8FE2BBB1490004110A3 /* PBXContainerItemProxy */;
		};
/* End PBXTargetDependency section */

/* Begin XCBuildConfiguration section */
		B7B4D9052BBB1490004110A3 /* Debug */ = {
			isa = XCBuildConfiguration;
			buildSettings = {
				ALWAYS_SEARCH_USER_PATHS = NO;
				ASSETCATALOG_COMPILER_GENERATE_SWIFT_ASSET_SYMBOL_EXTENSIONS = YES;
				CLANG_ANALYZER_NONNULL = YES;
				CLANG_ANALYZER_NUMBER_OBJECT_CONVERSION = YES_AGGRESSIVE;
				CLANG_CXX_LANGUAGE_STANDARD = "gnu++20";
				CLANG_ENABLE_MODULES = YES;
				CLANG_ENABLE_OBJC_ARC = YES;
				CLANG_ENABLE_OBJC_WEAK = YES;
				CLANG_WARN_BLOCK_CAPTURE_AUTORELEASING = YES;
				CLANG_WARN_BOOL_CONVERSION = YES;
				CLANG_WARN_COMMA = YES;
				CLANG_WARN_CONSTANT_CONVERSION = YES;
				CLANG_WARN_DEPRECATED_OBJC_IMPLEMENTATIONS = YES;
				CLANG_WARN_DIRECT_OBJC_ISA_USAGE = YES_ERROR;
				CLANG_WARN_DOCUMENTATION_COMMENTS = YES;
				CLANG_WARN_EMPTY_BODY = YES;
				CLANG_WARN_ENUM_CONVERSION = YES;
				CLANG_WARN_INFINITE_RECURSION = YES;
				CLANG_WARN_INT_CONVERSION = YES;
				CLANG_WARN_NON_LITERAL_NULL_CONVERSION = YES;
				CLANG_WARN_OBJC_IMPLICIT_RETAIN_SELF = YES;
				CLANG_WARN_OBJC_LITERAL_CONVERSION = YES;
				CLANG_WARN_OBJC_ROOT_CLASS = YES_ERROR;
				CLANG_WARN_QUOTED_INCLUDE_IN_FRAMEWORK_HEADER = YES;
				CLANG_WARN_RANGE_LOOP_ANALYSIS = YES;
				CLANG_WARN_STRICT_PROTOTYPES = YES;
				CLANG_WARN_SUSPICIOUS_MOVE = YES;
				CLANG_WARN_UNGUARDED_AVAILABILITY = YES_AGGRESSIVE;
				CLANG_WARN_UNREACHABLE_CODE = YES;
				CLANG_WARN__DUPLICATE_METHOD_MATCH = YES;
				COPY_PHASE_STRIP = NO;
				DEBUG_INFORMATION_FORMAT = dwarf;
				ENABLE_STRICT_OBJC_MSGSEND = YES;
				ENABLE_TESTABILITY = YES;
				ENABLE_USER_SCRIPT_SANDBOXING = YES;
				GCC_C_LANGUAGE_STANDARD = gnu17;
				GCC_DYNAMIC_NO_PIC = NO;
				GCC_NO_COMMON_BLOCKS = YES;
				GCC_OPTIMIZATION_LEVEL = 0;
				GCC_PREPROCESSOR_DEFINITIONS = (
					"DEBUG=1",
					"$(inherited)",
				);
				GCC_WARN_64_TO_32_BIT_CONVERSION = YES;
				GCC_WARN_ABOUT_RETURN_TYPE = YES_ERROR;
				GCC_WARN_UNDECLARED_SELECTOR = YES;
				GCC_WARN_UNINITIALIZED_AUTOS = YES_AGGRESSIVE;
				GCC_WARN_UNUSED_FUNCTION = YES;
				GCC_WARN_UNUSED_VARIABLE = YES;
				IPHONEOS_DEPLOYMENT_TARGET = 17.2;
				LOCALIZATION_PREFERS_STRING_CATALOGS = YES;
				MTL_ENABLE_DEBUG_INFO = INCLUDE_SOURCE;
				MTL_FAST_MATH = YES;
				ONLY_ACTIVE_ARCH = YES;
				SDKROOT = iphoneos;
				SWIFT_ACTIVE_COMPILATION_CONDITIONS = "DEBUG $(inherited)";
				SWIFT_OPTIMIZATION_LEVEL = "-Onone";
			};
			name = Debug;
		};
		B7B4D9062BBB1490004110A3 /* Release */ = {
			isa = XCBuildConfiguration;
			buildSettings = {
				ALWAYS_SEARCH_USER_PATHS = NO;
				ASSETCATALOG_COMPILER_GENERATE_SWIFT_ASSET_SYMBOL_EXTENSIONS = YES;
				CLANG_ANALYZER_NONNULL = YES;
				CLANG_ANALYZER_NUMBER_OBJECT_CONVERSION = YES_AGGRESSIVE;
				CLANG_CXX_LANGUAGE_STANDARD = "gnu++20";
				CLANG_ENABLE_MODULES = YES;
				CLANG_ENABLE_OBJC_ARC = YES;
				CLANG_ENABLE_OBJC_WEAK = YES;
				CLANG_WARN_BLOCK_CAPTURE_AUTORELEASING = YES;
				CLANG_WARN_BOOL_CONVERSION = YES;
				CLANG_WARN_COMMA = YES;
				CLANG_WARN_CONSTANT_CONVERSION = YES;
				CLANG_WARN_DEPRECATED_OBJC_IMPLEMENTATIONS = YES;
				CLANG_WARN_DIRECT_OBJC_ISA_USAGE = YES_ERROR;
				CLANG_WARN_DOCUMENTATION_COMMENTS = YES;
				CLANG_WARN_EMPTY_BODY = YES;
				CLANG_WARN_ENUM_CONVERSION = YES;
				CLANG_WARN_INFINITE_RECURSION = YES;
				CLANG_WARN_INT_CONVERSION = YES;
				CLANG_WARN_NON_LITERAL_NULL_CONVERSION = YES;
				CLANG_WARN_OBJC_IMPLICIT_RETAIN_SELF = YES;
				CLANG_WARN_OBJC_LITERAL_CONVERSION = YES;
				CLANG_WARN_OBJC_ROOT_CLASS = YES_ERROR;
				CLANG_WARN_QUOTED_INCLUDE_IN_FRAMEWORK_HEADER = YES;
				CLANG_WARN_RANGE_LOOP_ANALYSIS = YES;
				CLANG_WARN_STRICT_PROTOTYPES = YES;
				CLANG_WARN_SUSPICIOUS_MOVE = YES;
				CLANG_WARN_UNGUARDED_AVAILABILITY = YES_AGGRESSIVE;
				CLANG_WARN_UNREACHABLE_CODE = YES;
				CLANG_WARN__DUPLICATE_METHOD_MATCH = YES;
				COPY_PHASE_STRIP = NO;
				DEBUG_INFORMATION_FORMAT = "dwarf-with-dsym";
				ENABLE_NS_ASSERTIONS = NO;
				ENABLE_STRICT_OBJC_MSGSEND = YES;
				ENABLE_USER_SCRIPT_SANDBOXING = YES;
				GCC_C_LANGUAGE_STANDARD = gnu17;
				GCC_NO_COMMON_BLOCKS = YES;
				GCC_WARN_64_TO_32_BIT_CONVERSION = YES;
				GCC_WARN_ABOUT_RETURN_TYPE = YES_ERROR;
				GCC_WARN_UNDECLARED_SELECTOR = YES;
				GCC_WARN_UNINITIALIZED_AUTOS = YES_AGGRESSIVE;
				GCC_WARN_UNUSED_FUNCTION = YES;
				GCC_WARN_UNUSED_VARIABLE = YES;
				IPHONEOS_DEPLOYMENT_TARGET = 17.2;
				LOCALIZATION_PREFERS_STRING_CATALOGS = YES;
				MTL_ENABLE_DEBUG_INFO = NO;
				MTL_FAST_MATH = YES;
				SDKROOT = iphoneos;
				SWIFT_COMPILATION_MODE = wholemodule;
				VALIDATE_PRODUCT = YES;
			};
			name = Release;
		};
		B7B4D9082BBB1490004110A3 /* Debug */ = {
			isa = XCBuildConfiguration;
			buildSettings = {
				ASSETCATALOG_COMPILER_APPICON_NAME = AppIcon;
				ASSETCATALOG_COMPILER_GLOBAL_ACCENT_COLOR_NAME = AccentColor;
				CODE_SIGN_STYLE = Automatic;
				CURRENT_PROJECT_VERSION = 1;
				DEVELOPMENT_ASSET_PATHS = "\"StatsVault/Preview Content\"";
				DEVELOPMENT_TEAM = 3S7EA557V7;
				ENABLE_PREVIEWS = YES;
				GENERATE_INFOPLIST_FILE = YES;
				INFOPLIST_KEY_UIApplicationSceneManifest_Generation = YES;
				INFOPLIST_KEY_UIApplicationSupportsIndirectInputEvents = YES;
				INFOPLIST_KEY_UILaunchScreen_Generation = YES;
				INFOPLIST_KEY_UISupportedInterfaceOrientations_iPad = "UIInterfaceOrientationPortrait UIInterfaceOrientationPortraitUpsideDown UIInterfaceOrientationLandscapeLeft UIInterfaceOrientationLandscapeRight";
				INFOPLIST_KEY_UISupportedInterfaceOrientations_iPhone = "UIInterfaceOrientationPortrait UIInterfaceOrientationLandscapeLeft UIInterfaceOrientationLandscapeRight";
				IPHONEOS_DEPLOYMENT_TARGET = 17.0;
				LD_RUNPATH_SEARCH_PATHS = (
					"$(inherited)",
					"@executable_path/Frameworks",
				);
				MARKETING_VERSION = 1.0;
				PRODUCT_BUNDLE_IDENTIFIER = com.hume.StatsVault;
				PRODUCT_NAME = "$(TARGET_NAME)";
				SWIFT_EMIT_LOC_STRINGS = YES;
				SWIFT_VERSION = 5.0;
				TARGETED_DEVICE_FAMILY = "1,2";
			};
			name = Debug;
		};
		B7B4D9092BBB1490004110A3 /* Release */ = {
			isa = XCBuildConfiguration;
			buildSettings = {
				ASSETCATALOG_COMPILER_APPICON_NAME = AppIcon;
				ASSETCATALOG_COMPILER_GLOBAL_ACCENT_COLOR_NAME = AccentColor;
				CODE_SIGN_STYLE = Automatic;
				CURRENT_PROJECT_VERSION = 1;
				DEVELOPMENT_ASSET_PATHS = "\"StatsVault/Preview Content\"";
				DEVELOPMENT_TEAM = 3S7EA557V7;
				ENABLE_PREVIEWS = YES;
				GENERATE_INFOPLIST_FILE = YES;
				INFOPLIST_KEY_UIApplicationSceneManifest_Generation = YES;
				INFOPLIST_KEY_UIApplicationSupportsIndirectInputEvents = YES;
				INFOPLIST_KEY_UILaunchScreen_Generation = YES;
				INFOPLIST_KEY_UISupportedInterfaceOrientations_iPad = "UIInterfaceOrientationPortrait UIInterfaceOrientationPortraitUpsideDown UIInterfaceOrientationLandscapeLeft UIInterfaceOrientationLandscapeRight";
				INFOPLIST_KEY_UISupportedInterfaceOrientations_iPhone = "UIInterfaceOrientationPortrait UIInterfaceOrientationLandscapeLeft UIInterfaceOrientationLandscapeRight";
				IPHONEOS_DEPLOYMENT_TARGET = 17.0;
				LD_RUNPATH_SEARCH_PATHS = (
					"$(inherited)",
					"@executable_path/Frameworks",
				);
				MARKETING_VERSION = 1.0;
				PRODUCT_BUNDLE_IDENTIFIER = com.hume.StatsVault;
				PRODUCT_NAME = "$(TARGET_NAME)";
				SWIFT_EMIT_LOC_STRINGS = YES;
				SWIFT_VERSION = 5.0;
				TARGETED_DEVICE_FAMILY = "1,2";
			};
			name = Release;
		};
		B7B4D90B2BBB1490004110A3 /* Debug */ = {
			isa = XCBuildConfiguration;
			buildSettings = {
				ALWAYS_EMBED_SWIFT_STANDARD_LIBRARIES = YES;
				BUNDLE_LOADER = "$(TEST_HOST)";
				CODE_SIGN_STYLE = Automatic;
				CURRENT_PROJECT_VERSION = 1;
				DEVELOPMENT_TEAM = 3S7EA557V7;
				GENERATE_INFOPLIST_FILE = YES;
				IPHONEOS_DEPLOYMENT_TARGET = 17.0;
				MARKETING_VERSION = 1.0;
				PRODUCT_BUNDLE_IDENTIFIER = com.hume.StatsVaultTests;
				PRODUCT_NAME = "$(TARGET_NAME)";
				SWIFT_EMIT_LOC_STRINGS = NO;
				SWIFT_VERSION = 5.0;
				TARGETED_DEVICE_FAMILY = "1,2";
				TEST_HOST = "$(BUILT_PRODUCTS_DIR)/StatsVault.app/$(BUNDLE_EXECUTABLE_FOLDER_PATH)/StatsVault";
			};
			name = Debug;
		};
		B7B4D90C2BBB1490004110A3 /* Release */ = {
			isa = XCBuildConfiguration;
			buildSettings = {
				ALWAYS_EMBED_SWIFT_STANDARD_LIBRARIES = YES;
				BUNDLE_LOADER = "$(TEST_HOST)";
				CODE_SIGN_STYLE = Automatic;
				CURRENT_PROJECT_VERSION = 1;
				DEVELOPMENT_TEAM = 3S7EA557V7;
				GENERATE_INFOPLIST_FILE = YES;
				IPHONEOS_DEPLOYMENT_TARGET = 17.0;
				MARKETING_VERSION = 1.0;
				PRODUCT_BUNDLE_IDENTIFIER = com.hume.StatsVaultTests;
				PRODUCT_NAME = "$(TARGET_NAME)";
				SWIFT_EMIT_LOC_STRINGS = NO;
				SWIFT_VERSION = 5.0;
				TARGETED_DEVICE_FAMILY = "1,2";
				TEST_HOST = "$(BUILT_PRODUCTS_DIR)/StatsVault.app/$(BUNDLE_EXECUTABLE_FOLDER_PATH)/StatsVault";
			};
			name = Release;
		};
		B7B4D90E2BBB1490004110A3 /* Debug */ = {
			isa = XCBuildConfiguration;
			buildSettings = {
				ALWAYS_EMBED_SWIFT_STANDARD_LIBRARIES = YES;
				CODE_SIGN_STYLE = Automatic;
				CURRENT_PROJECT_VERSION = 1;
				DEVELOPMENT_TEAM = 3S7EA557V7;
				GENERATE_INFOPLIST_FILE = YES;
				IPHONEOS_DEPLOYMENT_TARGET = 17.0;
				MARKETING_VERSION = 1.0;
				PRODUCT_BUNDLE_IDENTIFIER = com.hume.StatsVaultUITests;
				PRODUCT_NAME = "$(TARGET_NAME)";
				SWIFT_EMIT_LOC_STRINGS = NO;
				SWIFT_VERSION = 5.0;
				TARGETED_DEVICE_FAMILY = "1,2";
				TEST_TARGET_NAME = StatsVault;
			};
			name = Debug;
		};
		B7B4D90F2BBB1490004110A3 /* Release */ = {
			isa = XCBuildConfiguration;
			buildSettings = {
				ALWAYS_EMBED_SWIFT_STANDARD_LIBRARIES = YES;
				CODE_SIGN_STYLE = Automatic;
				CURRENT_PROJECT_VERSION = 1;
				DEVELOPMENT_TEAM = 3S7EA557V7;
				GENERATE_INFOPLIST_FILE = YES;
				IPHONEOS_DEPLOYMENT_TARGET = 17.0;
				MARKETING_VERSION = 1.0;
				PRODUCT_BUNDLE_IDENTIFIER = com.hume.StatsVaultUITests;
				PRODUCT_NAME = "$(TARGET_NAME)";
				SWIFT_EMIT_LOC_STRINGS = NO;
				SWIFT_VERSION = 5.0;
				TARGETED_DEVICE_FAMILY = "1,2";
				TEST_TARGET_NAME = StatsVault;
			};
			name = Release;
		};
/* End XCBuildConfiguration section */

/* Begin XCConfigurationList section */
		B7B4D8DE2BBB148F004110A3 /* Build configuration list for PBXProject "StatsVault" */ = {
			isa = XCConfigurationList;
			buildConfigurations = (
				B7B4D9052BBB1490004110A3 /* Debug */,
				B7B4D9062BBB1490004110A3 /* Release */,
			);
			defaultConfigurationIsVisible = 0;
			defaultConfigurationName = Release;
		};
		B7B4D9072BBB1490004110A3 /* Build configuration list for PBXNativeTarget "StatsVault" */ = {
			isa = XCConfigurationList;
			buildConfigurations = (
				B7B4D9082BBB1490004110A3 /* Debug */,
				B7B4D9092BBB1490004110A3 /* Release */,
			);
			defaultConfigurationIsVisible = 0;
			defaultConfigurationName = Release;
		};
		B7B4D90A2BBB1490004110A3 /* Build configuration list for PBXNativeTarget "StatsVaultTests" */ = {
			isa = XCConfigurationList;
			buildConfigurations = (
				B7B4D90B2BBB1490004110A3 /* Debug */,
				B7B4D90C2BBB1490004110A3 /* Release */,
			);
			defaultConfigurationIsVisible = 0;
			defaultConfigurationName = Release;
		};
		B7B4D90D2BBB1490004110A3 /* Build configuration list for PBXNativeTarget "StatsVaultUITests" */ = {
			isa = XCConfigurationList;
			buildConfigurations = (
				B7B4D90E2BBB1490004110A3 /* Debug */,
				B7B4D90F2BBB1490004110A3 /* Release */,
			);
			defaultConfigurationIsVisible = 0;
			defaultConfigurationName = Release;
		};
/* End XCConfigurationList section */
	};
	rootObject = B7B4D8DB2BBB148F004110A3 /* Project object */;
}
